
Microsoft Visual Studio Solution File, Format Version 12.00
# Visual Studio Version 17
VisualStudioVersion = 17.3.32825.248
MinimumVisualStudioVersion = 10.0.40219.1
Project("{FAE04EC0-301F-11D3-BF4B-00C04F79EFBC}") = "DataStructures", "DataStructures\DataStructures.csproj", "{57A05925-8617-47B0-A994-39DBBB04240D}"
EndProject
Project("{FAE04EC0-301F-11D3-BF4B-00C04F79EFBC}") = "Queues", "Queues\Queues.csproj", "{C1276557-9DC8-45D6-BFD7-42F581C7C713}"
EndProject
Project("{FAE04EC0-301F-11D3-BF4B-00C04F79EFBC}") = "Stacks", "Stacks\Stacks.csproj", "{B0CDF5A1-D819-4F5C-83A2-05A0DF87ABB3}"
EndProject
Global
	GlobalSection(SolutionConfigurationPlatforms) = preSolution
		Debug|Any CPU = Debug|Any CPU
		Release|Any CPU = Release|Any CPU
	EndGlobalSection
	GlobalSection(ProjectConfigurationPlatforms) = postSolution
		{57A05925-8617-47B0-A994-39DBBB04240D}.Debug|Any CPU.ActiveCfg = Debug|Any CPU
		{57A05925-8617-47B0-A994-39DBBB04240D}.Debug|Any CPU.Build.0 = Debug|Any CPU
		{57A05925-8617-47B0-A994-39DBBB04240D}.Release|Any CPU.ActiveCfg = Release|Any CPU
		{57A05925-8617-47B0-A994-39DBBB04240D}.Release|Any CPU.Build.0 = Release|Any CPU
		{C1276557-9DC8-45D6-BFD7-42F581C7C713}.Debug|Any CPU.ActiveCfg = Debug|Any CPU
		{C1276557-9DC8-45D6-BFD7-42F581C7C713}.Debug|Any CPU.Build.0 = Debug|Any CPU
		{C1276557-9DC8-45D6-BFD7-42F581C7C713}.Release|Any CPU.ActiveCfg = Release|Any CPU
		{C1276557-9DC8-45D6-BFD7-42F581C7C713}.Release|Any CPU.Build.0 = Release|Any CPU
		{B0CDF5A1-D819-4F5C-83A2-05A0DF87ABB3}.Debug|Any CPU.ActiveCfg = Debug|Any CPU
		{B0CDF5A1-D819-4F5C-83A2-05A0DF87ABB3}.Debug|Any CPU.Build.0 = Debug|Any CPU
		{B0CDF5A1-D819-4F5C-83A2-05A0DF87ABB3}.Release|Any CPU.ActiveCfg = Release|Any CPU
		{B0CDF5A1-D819-4F5C-83A2-05A0DF87ABB3}.Release|Any CPU.Build.0 = Release|Any CPU
	EndGlobalSection
	GlobalSection(SolutionProperties) = preSolution
		HideSolutionNode = FALSE
	EndGlobalSection
	GlobalSection(ExtensibilityGlobals) = postSolution
		SolutionGuid = {84AFE0A8-B881-48D1-8687-436E736BA10C}
	EndGlobalSection
EndGlobal
